// !$*UTF8*$!
{
	archiveVersion = 1;
	classes = {
	};
	objectVersion = 51;
	objects = {

/* Begin PBXBuildFile section */
		10558A2023F3F8EB005402F5 /* AppDelegate.swift in Sources */ = {isa = PBXBuildFile; fileRef = 10558A1F23F3F8EB005402F5 /* AppDelegate.swift */; };
		10558A2223F3F8EB005402F5 /* SceneDelegate.swift in Sources */ = {isa = PBXBuildFile; fileRef = 10558A2123F3F8EB005402F5 /* SceneDelegate.swift */; };
		10558A2423F3F8EB005402F5 /* MapViewController.swift in Sources */ = {isa = PBXBuildFile; fileRef = 10558A2323F3F8EB005402F5 /* MapViewController.swift */; };
		10558A2623F3F8EB005402F5 /* ChatViewController.swift in Sources */ = {isa = PBXBuildFile; fileRef = 10558A2523F3F8EB005402F5 /* ChatViewController.swift */; };
		10558A2923F3F8EB005402F5 /* Main.storyboard in Resources */ = {isa = PBXBuildFile; fileRef = 10558A2723F3F8EB005402F5 /* Main.storyboard */; };
		10558A2B23F3F8ED005402F5 /* Assets.xcassets in Resources */ = {isa = PBXBuildFile; fileRef = 10558A2A23F3F8ED005402F5 /* Assets.xcassets */; };
		10558A2E23F3F8ED005402F5 /* LaunchScreen.storyboard in Resources */ = {isa = PBXBuildFile; fileRef = 10558A2C23F3F8ED005402F5 /* LaunchScreen.storyboard */; };
		10558A3723F485C6005402F5 /* LoginViewController.swift in Sources */ = {isa = PBXBuildFile; fileRef = 10558A3623F485C6005402F5 /* LoginViewController.swift */; };
		10558A5F23F6E178005402F5 /* LocationSearchTable.swift in Sources */ = {isa = PBXBuildFile; fileRef = 10558A5E23F6E178005402F5 /* LocationSearchTable.swift */; };
		10558A6123F86A6C005402F5 /* ClusterView.swift in Sources */ = {isa = PBXBuildFile; fileRef = 10558A6023F86A6C005402F5 /* ClusterView.swift */; };
		10558A6423F87233005402F5 /* Trips.swift in Sources */ = {isa = PBXBuildFile; fileRef = 10558A6323F87233005402F5 /* Trips.swift */; };
		10558A6623F873EF005402F5 /* User.swift in Sources */ = {isa = PBXBuildFile; fileRef = 10558A6523F873EF005402F5 /* User.swift */; };
		10558A6823F886B9005402F5 /* TripsTableViewController.swift in Sources */ = {isa = PBXBuildFile; fileRef = 10558A6723F886B9005402F5 /* TripsTableViewController.swift */; };
		10558A6B23F888A8005402F5 /* Default-568h@2x.png in Resources */ = {isa = PBXBuildFile; fileRef = 10558A6A23F888A8005402F5 /* Default-568h@2x.png */; };
		10558A6D23F88A87005402F5 /* GoogleService-Info.plist in Resources */ = {isa = PBXBuildFile; fileRef = 10558A6C23F88A87005402F5 /* GoogleService-Info.plist */; };
		10558A9523FE8138005402F5 /* AppSettings.swift in Sources */ = {isa = PBXBuildFile; fileRef = 10558A9423FE8138005402F5 /* AppSettings.swift */; };
		10558A9723FE8199005402F5 /* Message.swift in Sources */ = {isa = PBXBuildFile; fileRef = 10558A9623FE8199005402F5 /* Message.swift */; };
		10B5CBD8240444AF00FDC8E7 /* ProfileTableViewController.swift in Sources */ = {isa = PBXBuildFile; fileRef = 10B5CBD7240444AF00FDC8E7 /* ProfileTableViewController.swift */; };
		820A52C828F041B8BC28B632 /* libPods-Taxiz.a in Frameworks */ = {isa = PBXBuildFile; fileRef = 58452656F84D2578238B1235 /* libPods-Taxiz.a */; };
/* End PBXBuildFile section */

/* Begin PBXFileReference section */
		10558A1C23F3F8EB005402F5 /* Taxiz.app */ = {isa = PBXFileReference; explicitFileType = wrapper.application; includeInIndex = 0; path = Taxiz.app; sourceTree = BUILT_PRODUCTS_DIR; };
		10558A1F23F3F8EB005402F5 /* AppDelegate.swift */ = {isa = PBXFileReference; lastKnownFileType = sourcecode.swift; path = AppDelegate.swift; sourceTree = "<group>"; };
		10558A2123F3F8EB005402F5 /* SceneDelegate.swift */ = {isa = PBXFileReference; lastKnownFileType = sourcecode.swift; path = SceneDelegate.swift; sourceTree = "<group>"; };
		10558A2323F3F8EB005402F5 /* MapViewController.swift */ = {isa = PBXFileReference; lastKnownFileType = sourcecode.swift; path = MapViewController.swift; sourceTree = "<group>"; };
		10558A2523F3F8EB005402F5 /* ChatViewController.swift */ = {isa = PBXFileReference; lastKnownFileType = sourcecode.swift; path = ChatViewController.swift; sourceTree = "<group>"; };
		10558A2823F3F8EB005402F5 /* Base */ = {isa = PBXFileReference; lastKnownFileType = file.storyboard; name = Base; path = Base.lproj/Main.storyboard; sourceTree = "<group>"; };
		10558A2A23F3F8ED005402F5 /* Assets.xcassets */ = {isa = PBXFileReference; lastKnownFileType = folder.assetcatalog; path = Assets.xcassets; sourceTree = "<group>"; };
		10558A2D23F3F8ED005402F5 /* Base */ = {isa = PBXFileReference; lastKnownFileType = file.storyboard; name = Base; path = Base.lproj/LaunchScreen.storyboard; sourceTree = "<group>"; };
		10558A2F23F3F8ED005402F5 /* Info.plist */ = {isa = PBXFileReference; lastKnownFileType = text.plist.xml; path = Info.plist; sourceTree = "<group>"; };
		10558A3623F485C6005402F5 /* LoginViewController.swift */ = {isa = PBXFileReference; lastKnownFileType = sourcecode.swift; path = LoginViewController.swift; sourceTree = "<group>"; };
		10558A5E23F6E178005402F5 /* LocationSearchTable.swift */ = {isa = PBXFileReference; lastKnownFileType = sourcecode.swift; path = LocationSearchTable.swift; sourceTree = "<group>"; };
		10558A6023F86A6C005402F5 /* ClusterView.swift */ = {isa = PBXFileReference; lastKnownFileType = sourcecode.swift; path = ClusterView.swift; sourceTree = "<group>"; };
		10558A6323F87233005402F5 /* Trips.swift */ = {isa = PBXFileReference; lastKnownFileType = sourcecode.swift; path = Trips.swift; sourceTree = "<group>"; };
		10558A6523F873EF005402F5 /* User.swift */ = {isa = PBXFileReference; lastKnownFileType = sourcecode.swift; path = User.swift; sourceTree = "<group>"; };
		10558A6723F886B9005402F5 /* TripsTableViewController.swift */ = {isa = PBXFileReference; lastKnownFileType = sourcecode.swift; path = TripsTableViewController.swift; sourceTree = "<group>"; };
		10558A6A23F888A8005402F5 /* Default-568h@2x.png */ = {isa = PBXFileReference; lastKnownFileType = image.png; path = "Default-568h@2x.png"; sourceTree = "<group>"; };
		10558A6C23F88A87005402F5 /* GoogleService-Info.plist */ = {isa = PBXFileReference; fileEncoding = 4; lastKnownFileType = text.plist.xml; path = "GoogleService-Info.plist"; sourceTree = "<group>"; };
		10558A9423FE8138005402F5 /* AppSettings.swift */ = {isa = PBXFileReference; lastKnownFileType = sourcecode.swift; path = AppSettings.swift; sourceTree = "<group>"; };
		10558A9623FE8199005402F5 /* Message.swift */ = {isa = PBXFileReference; fileEncoding = 4; lastKnownFileType = sourcecode.swift; path = Message.swift; sourceTree = "<group>"; };
		10B5CBD7240444AF00FDC8E7 /* ProfileTableViewController.swift */ = {isa = PBXFileReference; lastKnownFileType = sourcecode.swift; path = ProfileTableViewController.swift; sourceTree = "<group>"; };
		58452656F84D2578238B1235 /* libPods-Taxiz.a */ = {isa = PBXFileReference; explicitFileType = archive.ar; includeInIndex = 0; path = "libPods-Taxiz.a"; sourceTree = BUILT_PRODUCTS_DIR; };
		98EAF695D1C9224028EB8E68 /* Pods-Taxiz.release.xcconfig */ = {isa = PBXFileReference; includeInIndex = 1; lastKnownFileType = text.xcconfig; name = "Pods-Taxiz.release.xcconfig"; path = "Target Support Files/Pods-Taxiz/Pods-Taxiz.release.xcconfig"; sourceTree = "<group>"; };
		9905940D3B069A5E4ED79EC5 /* Pods-Taxiz.debug.xcconfig */ = {isa = PBXFileReference; includeInIndex = 1; lastKnownFileType = text.xcconfig; name = "Pods-Taxiz.debug.xcconfig"; path = "Target Support Files/Pods-Taxiz/Pods-Taxiz.debug.xcconfig"; sourceTree = "<group>"; };
/* End PBXFileReference section */

/* Begin PBXFrameworksBuildPhase section */
		10558A1923F3F8EB005402F5 /* Frameworks */ = {
			isa = PBXFrameworksBuildPhase;
			buildActionMask = 2147483647;
			files = (
				820A52C828F041B8BC28B632 /* libPods-Taxiz.a in Frameworks */,
			);
			runOnlyForDeploymentPostprocessing = 0;
		};
/* End PBXFrameworksBuildPhase section */

/* Begin PBXGroup section */
		10558A1323F3F8EB005402F5 = {
			isa = PBXGroup;
			children = (
				10558A6223F871E5005402F5 /* Models */,
				10558A1E23F3F8EB005402F5 /* Taxiz */,
				10558A3523F41DB0005402F5 /* Controllers */,
				10558A6923F88825005402F5 /* Supported Files */,
				10558A1D23F3F8EB005402F5 /* Products */,
				E061E15859CF1C62E2C6B150 /* Pods */,
				BE9EBAEF81B90B6A458674DE /* Frameworks */,
			);
			sourceTree = "<group>";
		};
		10558A1D23F3F8EB005402F5 /* Products */ = {
			isa = PBXGroup;
			children = (
				10558A1C23F3F8EB005402F5 /* Taxiz.app */,
			);
			name = Products;
			sourceTree = "<group>";
		};
		10558A1E23F3F8EB005402F5 /* Taxiz */ = {
			isa = PBXGroup;
			children = (
				10558A1F23F3F8EB005402F5 /* AppDelegate.swift */,
				10558A2123F3F8EB005402F5 /* SceneDelegate.swift */,
				10558A9423FE8138005402F5 /* AppSettings.swift */,
				10558A2723F3F8EB005402F5 /* Main.storyboard */,
				10558A2A23F3F8ED005402F5 /* Assets.xcassets */,
				10558A2C23F3F8ED005402F5 /* LaunchScreen.storyboard */,
			);
			path = Taxiz;
			sourceTree = "<group>";
		};
		10558A3523F41DB0005402F5 /* Controllers */ = {
			isa = PBXGroup;
			children = (
				10558A3623F485C6005402F5 /* LoginViewController.swift */,
				10B5CBD7240444AF00FDC8E7 /* ProfileTableViewController.swift */,
				10558A2323F3F8EB005402F5 /* MapViewController.swift */,
				10558A6723F886B9005402F5 /* TripsTableViewController.swift */,
				10558A2523F3F8EB005402F5 /* ChatViewController.swift */,
				10558A5E23F6E178005402F5 /* LocationSearchTable.swift */,
				10558A6023F86A6C005402F5 /* ClusterView.swift */,
			);
			path = Controllers;
			sourceTree = "<group>";
		};
		10558A6223F871E5005402F5 /* Models */ = {
			isa = PBXGroup;
			children = (
				10558A6323F87233005402F5 /* Trips.swift */,
				10558A6523F873EF005402F5 /* User.swift */,
				10558A9623FE8199005402F5 /* Message.swift */,
			);
			path = Models;
			sourceTree = "<group>";
		};
		10558A6923F88825005402F5 /* Supported Files */ = {
			isa = PBXGroup;
			children = (
				10558A2F23F3F8ED005402F5 /* Info.plist */,
				10558A6A23F888A8005402F5 /* Default-568h@2x.png */,
				10558A6C23F88A87005402F5 /* GoogleService-Info.plist */,
			);
			path = "Supported Files";
			sourceTree = "<group>";
		};
		BE9EBAEF81B90B6A458674DE /* Frameworks */ = {
			isa = PBXGroup;
			children = (
				58452656F84D2578238B1235 /* libPods-Taxiz.a */,
			);
			name = Frameworks;
			sourceTree = "<group>";
		};
		E061E15859CF1C62E2C6B150 /* Pods */ = {
			isa = PBXGroup;
			children = (
				9905940D3B069A5E4ED79EC5 /* Pods-Taxiz.debug.xcconfig */,
				98EAF695D1C9224028EB8E68 /* Pods-Taxiz.release.xcconfig */,
			);
			path = Pods;
			sourceTree = "<group>";
		};
/* End PBXGroup section */

/* Begin PBXNativeTarget section */
		10558A1B23F3F8EB005402F5 /* Taxiz */ = {
			isa = PBXNativeTarget;
			buildConfigurationList = 10558A3223F3F8ED005402F5 /* Build configuration list for PBXNativeTarget "Taxiz" */;
			buildPhases = (
				CC564762317582FBCE76635E /* [CP] Check Pods Manifest.lock */,
				10558A1823F3F8EB005402F5 /* Sources */,
				10558A1923F3F8EB005402F5 /* Frameworks */,
				10558A1A23F3F8EB005402F5 /* Resources */,
				DE01BEF77949E7DD1A673ABF /* [CP] Copy Pods Resources */,
			);
			buildRules = (
			);
			dependencies = (
			);
			name = Taxiz;
			productName = Taxiz;
			productReference = 10558A1C23F3F8EB005402F5 /* Taxiz.app */;
			productType = "com.apple.product-type.application";
		};
/* End PBXNativeTarget section */

/* Begin PBXProject section */
		10558A1423F3F8EB005402F5 /* Project object */ = {
			isa = PBXProject;
			attributes = {
				LastSwiftUpdateCheck = 1120;
				LastUpgradeCheck = 1120;
				ORGANIZATIONNAME = "Silverback Inc.";
				TargetAttributes = {
					10558A1B23F3F8EB005402F5 = {
						CreatedOnToolsVersion = 11.2.1;
					};
				};
			};
			buildConfigurationList = 10558A1723F3F8EB005402F5 /* Build configuration list for PBXProject "Taxiz" */;
			compatibilityVersion = "Xcode 9.3";
			developmentRegion = en;
			hasScannedForEncodings = 0;
			knownRegions = (
				en,
				Base,
			);
			mainGroup = 10558A1323F3F8EB005402F5;
			productRefGroup = 10558A1D23F3F8EB005402F5 /* Products */;
			projectDirPath = "";
			projectRoot = "";
			targets = (
				10558A1B23F3F8EB005402F5 /* Taxiz */,
			);
		};
/* End PBXProject section */

/* Begin PBXResourcesBuildPhase section */
		10558A1A23F3F8EB005402F5 /* Resources */ = {
			isa = PBXResourcesBuildPhase;
			buildActionMask = 2147483647;
			files = (
				10558A2E23F3F8ED005402F5 /* LaunchScreen.storyboard in Resources */,
				10558A6B23F888A8005402F5 /* Default-568h@2x.png in Resources */,
				10558A2B23F3F8ED005402F5 /* Assets.xcassets in Resources */,
				10558A6D23F88A87005402F5 /* GoogleService-Info.plist in Resources */,
				10558A2923F3F8EB005402F5 /* Main.storyboard in Resources */,
			);
			runOnlyForDeploymentPostprocessing = 0;
		};
/* End PBXResourcesBuildPhase section */

/* Begin PBXShellScriptBuildPhase section */
		CC564762317582FBCE76635E /* [CP] Check Pods Manifest.lock */ = {
			isa = PBXShellScriptBuildPhase;
			buildActionMask = 2147483647;
			files = (
			);
			inputFileListPaths = (
			);
			inputPaths = (
				"${PODS_PODFILE_DIR_PATH}/Podfile.lock",
				"${PODS_ROOT}/Manifest.lock",
			);
			name = "[CP] Check Pods Manifest.lock";
			outputFileListPaths = (
			);
			outputPaths = (
				"$(DERIVED_FILE_DIR)/Pods-Taxiz-checkManifestLockResult.txt",
			);
			runOnlyForDeploymentPostprocessing = 0;
			shellPath = /bin/sh;
			shellScript = "diff \"${PODS_PODFILE_DIR_PATH}/Podfile.lock\" \"${PODS_ROOT}/Manifest.lock\" > /dev/null\nif [ $? != 0 ] ; then\n    # print error to STDERR\n    echo \"error: The sandbox is not in sync with the Podfile.lock. Run 'pod install' or update your CocoaPods installation.\" >&2\n    exit 1\nfi\n# This output is used by Xcode 'outputs' to avoid re-running this script phase.\necho \"SUCCESS\" > \"${SCRIPT_OUTPUT_FILE_0}\"\n";
			showEnvVarsInLog = 0;
		};
		DE01BEF77949E7DD1A673ABF /* [CP] Copy Pods Resources */ = {
			isa = PBXShellScriptBuildPhase;
			buildActionMask = 2147483647;
			files = (
			);
			inputFileListPaths = (
				"${PODS_ROOT}/Target Support Files/Pods-Taxiz/Pods-Taxiz-resources-${CONFIGURATION}-input-files.xcfilelist",
			);
			name = "[CP] Copy Pods Resources";
			outputFileListPaths = (
				"${PODS_ROOT}/Target Support Files/Pods-Taxiz/Pods-Taxiz-resources-${CONFIGURATION}-output-files.xcfilelist",
			);
			runOnlyForDeploymentPostprocessing = 0;
			shellPath = /bin/sh;
			shellScript = "\"${PODS_ROOT}/Target Support Files/Pods-Taxiz/Pods-Taxiz-resources.sh\"\n";
			showEnvVarsInLog = 0;
		};
/* End PBXShellScriptBuildPhase section */

/* Begin PBXSourcesBuildPhase section */
		10558A1823F3F8EB005402F5 /* Sources */ = {
			isa = PBXSourcesBuildPhase;
			buildActionMask = 2147483647;
			files = (
				10558A2623F3F8EB005402F5 /* ChatViewController.swift in Sources */,
				10558A2423F3F8EB005402F5 /* MapViewController.swift in Sources */,
				10558A9523FE8138005402F5 /* AppSettings.swift in Sources */,
				10558A2023F3F8EB005402F5 /* AppDelegate.swift in Sources */,
				10558A5F23F6E178005402F5 /* LocationSearchTable.swift in Sources */,
				10558A6423F87233005402F5 /* Trips.swift in Sources */,
				10558A6623F873EF005402F5 /* User.swift in Sources */,
				10558A3723F485C6005402F5 /* LoginViewController.swift in Sources */,
				10B5CBD8240444AF00FDC8E7 /* ProfileTableViewController.swift in Sources */,
				10558A2223F3F8EB005402F5 /* SceneDelegate.swift in Sources */,
				10558A9723FE8199005402F5 /* Message.swift in Sources */,
				10558A6123F86A6C005402F5 /* ClusterView.swift in Sources */,
				10558A6823F886B9005402F5 /* TripsTableViewController.swift in Sources */,
			);
			runOnlyForDeploymentPostprocessing = 0;
		};
/* End PBXSourcesBuildPhase section */

/* Begin PBXVariantGroup section */
		10558A2723F3F8EB005402F5 /* Main.storyboard */ = {
			isa = PBXVariantGroup;
			children = (
				10558A2823F3F8EB005402F5 /* Base */,
			);
			name = Main.storyboard;
			sourceTree = "<group>";
		};
		10558A2C23F3F8ED005402F5 /* LaunchScreen.storyboard */ = {
			isa = PBXVariantGroup;
			children = (
				10558A2D23F3F8ED005402F5 /* Base */,
			);
			name = LaunchScreen.storyboard;
			sourceTree = "<group>";
		};
/* End PBXVariantGroup section */

/* Begin XCBuildConfiguration section */
		10558A3023F3F8ED005402F5 /* Debug */ = {
			isa = XCBuildConfiguration;
			buildSettings = {
				ALWAYS_SEARCH_USER_PATHS = NO;
				CLANG_ANALYZER_NONNULL = YES;
				CLANG_ANALYZER_NUMBER_OBJECT_CONVERSION = YES_AGGRESSIVE;
				CLANG_CXX_LANGUAGE_STANDARD = "gnu++14";
				CLANG_CXX_LIBRARY = "libc++";
				CLANG_ENABLE_MODULES = YES;
				CLANG_ENABLE_OBJC_ARC = YES;
				CLANG_ENABLE_OBJC_WEAK = YES;
				CLANG_WARN_BLOCK_CAPTURE_AUTORELEASING = YES;
				CLANG_WARN_BOOL_CONVERSION = YES;
				CLANG_WARN_COMMA = YES;
				CLANG_WARN_CONSTANT_CONVERSION = YES;
				CLANG_WARN_DEPRECATED_OBJC_IMPLEMENTATIONS = YES;
				CLANG_WARN_DIRECT_OBJC_ISA_USAGE = YES_ERROR;
				CLANG_WARN_DOCUMENTATION_COMMENTS = YES;
				CLANG_WARN_EMPTY_BODY = YES;
				CLANG_WARN_ENUM_CONVERSION = YES;
				CLANG_WARN_INFINITE_RECURSION = YES;
				CLANG_WARN_INT_CONVERSION = YES;
				CLANG_WARN_NON_LITERAL_NULL_CONVERSION = YES;
				CLANG_WARN_OBJC_IMPLICIT_RETAIN_SELF = YES;
				CLANG_WARN_OBJC_LITERAL_CONVERSION = YES;
				CLANG_WARN_OBJC_ROOT_CLASS = YES_ERROR;
				CLANG_WARN_RANGE_LOOP_ANALYSIS = YES;
				CLANG_WARN_STRICT_PROTOTYPES = YES;
				CLANG_WARN_SUSPICIOUS_MOVE = YES;
				CLANG_WARN_UNGUARDED_AVAILABILITY = YES_AGGRESSIVE;
				CLANG_WARN_UNREACHABLE_CODE = YES;
				CLANG_WARN__DUPLICATE_METHOD_MATCH = YES;
				COPY_PHASE_STRIP = NO;
				DEBUG_INFORMATION_FORMAT = dwarf;
				ENABLE_STRICT_OBJC_MSGSEND = YES;
				ENABLE_TESTABILITY = YES;
				GCC_C_LANGUAGE_STANDARD = gnu11;
				GCC_DYNAMIC_NO_PIC = NO;
				GCC_NO_COMMON_BLOCKS = YES;
				GCC_OPTIMIZATION_LEVEL = 0;
				GCC_PREPROCESSOR_DEFINITIONS = (
					"DEBUG=1",
					"$(inherited)",
				);
				GCC_WARN_64_TO_32_BIT_CONVERSION = YES;
				GCC_WARN_ABOUT_RETURN_TYPE = YES_ERROR;
				GCC_WARN_UNDECLARED_SELECTOR = YES;
				GCC_WARN_UNINITIALIZED_AUTOS = YES_AGGRESSIVE;
				GCC_WARN_UNUSED_FUNCTION = YES;
				GCC_WARN_UNUSED_VARIABLE = YES;
				IPHONEOS_DEPLOYMENT_TARGET = 13.2;
				MTL_ENABLE_DEBUG_INFO = INCLUDE_SOURCE;
				MTL_FAST_MATH = YES;
				ONLY_ACTIVE_ARCH = YES;
				SDKROOT = iphoneos;
				SWIFT_ACTIVE_COMPILATION_CONDITIONS = DEBUG;
				SWIFT_OPTIMIZATION_LEVEL = "-Onone";
			};
			name = Debug;
		};
		10558A3123F3F8ED005402F5 /* Release */ = {
			isa = XCBuildConfiguration;
			buildSettings = {
				ALWAYS_SEARCH_USER_PATHS = NO;
				CLANG_ANALYZER_NONNULL = YES;
				CLANG_ANALYZER_NUMBER_OBJECT_CONVERSION = YES_AGGRESSIVE;
				CLANG_CXX_LANGUAGE_STANDARD = "gnu++14";
				CLANG_CXX_LIBRARY = "libc++";
				CLANG_ENABLE_MODULES = YES;
				CLANG_ENABLE_OBJC_ARC = YES;
				CLANG_ENABLE_OBJC_WEAK = YES;
				CLANG_WARN_BLOCK_CAPTURE_AUTORELEASING = YES;
				CLANG_WARN_BOOL_CONVERSION = YES;
				CLANG_WARN_COMMA = YES;
				CLANG_WARN_CONSTANT_CONVERSION = YES;
				CLANG_WARN_DEPRECATED_OBJC_IMPLEMENTATIONS = YES;
				CLANG_WARN_DIRECT_OBJC_ISA_USAGE = YES_ERROR;
				CLANG_WARN_DOCUMENTATION_COMMENTS = YES;
				CLANG_WARN_EMPTY_BODY = YES;
				CLANG_WARN_ENUM_CONVERSION = YES;
				CLANG_WARN_INFINITE_RECURSION = YES;
				CLANG_WARN_INT_CONVERSION = YES;
				CLANG_WARN_NON_LITERAL_NULL_CONVERSION = YES;
				CLANG_WARN_OBJC_IMPLICIT_RETAIN_SELF = YES;
				CLANG_WARN_OBJC_LITERAL_CONVERSION = YES;
				CLANG_WARN_OBJC_ROOT_CLASS = YES_ERROR;
				CLANG_WARN_RANGE_LOOP_ANALYSIS = YES;
				CLANG_WARN_STRICT_PROTOTYPES = YES;
				CLANG_WARN_SUSPICIOUS_MOVE = YES;
				CLANG_WARN_UNGUARDED_AVAILABILITY = YES_AGGRESSIVE;
				CLANG_WARN_UNREACHABLE_CODE = YES;
				CLANG_WARN__DUPLICATE_METHOD_MATCH = YES;
				COPY_PHASE_STRIP = NO;
				DEBUG_INFORMATION_FORMAT = "dwarf-with-dsym";
				ENABLE_NS_ASSERTIONS = NO;
				ENABLE_STRICT_OBJC_MSGSEND = YES;
				GCC_C_LANGUAGE_STANDARD = gnu11;
				GCC_NO_COMMON_BLOCKS = YES;
				GCC_WARN_64_TO_32_BIT_CONVERSION = YES;
				GCC_WARN_ABOUT_RETURN_TYPE = YES_ERROR;
				GCC_WARN_UNDECLARED_SELECTOR = YES;
				GCC_WARN_UNINITIALIZED_AUTOS = YES_AGGRESSIVE;
				GCC_WARN_UNUSED_FUNCTION = YES;
				GCC_WARN_UNUSED_VARIABLE = YES;
				IPHONEOS_DEPLOYMENT_TARGET = 13.2;
				MTL_ENABLE_DEBUG_INFO = NO;
				MTL_FAST_MATH = YES;
				SDKROOT = iphoneos;
				SWIFT_COMPILATION_MODE = wholemodule;
				SWIFT_OPTIMIZATION_LEVEL = "-O";
				VALIDATE_PRODUCT = YES;
			};
			name = Release;
		};
		10558A3323F3F8ED005402F5 /* Debug */ = {
			isa = XCBuildConfiguration;
			baseConfigurationReference = 9905940D3B069A5E4ED79EC5 /* Pods-Taxiz.debug.xcconfig */;
			buildSettings = {
				ASSETCATALOG_COMPILER_APPICON_NAME = AppIcon;
				CODE_SIGN_STYLE = Automatic;
				DEVELOPMENT_TEAM = 6T8ZJ7M7C9;
				INFOPLIST_FILE = "Supported Files/Info.plist";
				LD_RUNPATH_SEARCH_PATHS = (
					"$(inherited)",
					"@executable_path/Frameworks",
				);
				PRODUCT_BUNDLE_IDENTIFIER = com.example.taxiz;
				PRODUCT_NAME = Taxiz;
				SWIFT_VERSION = 5.0;
				TARGETED_DEVICE_FAMILY = "1,2";
			};
			name = Debug;
		};
		10558A3423F3F8ED005402F5 /* Release */ = {
			isa = XCBuildConfiguration;
			baseConfigurationReference = 98EAF695D1C9224028EB8E68 /* Pods-Taxiz.release.xcconfig */;
			buildSettings = {
				ASSETCATALOG_COMPILER_APPICON_NAME = AppIcon;
				CODE_SIGN_STYLE = Automatic;
				DEVELOPMENT_TEAM = 6T8ZJ7M7C9;
				INFOPLIST_FILE = "Supported Files/Info.plist";
				LD_RUNPATH_SEARCH_PATHS = (
					"$(inherited)",
					"@executable_path/Frameworks",
				);
				PRODUCT_BUNDLE_IDENTIFIER = com.example.taxiz;
				PRODUCT_NAME = Taxiz;
				SWIFT_VERSION = 5.0;
				TARGETED_DEVICE_FAMILY = "1,2";
			};
			name = Release;
		};
/* End XCBuildConfiguration section */

/* Begin XCConfigurationList section */
		10558A1723F3F8EB005402F5 /* Build configuration list for PBXProject "Taxiz" */ = {
			isa = XCConfigurationList;
			buildConfigurations = (
				10558A3023F3F8ED005402F5 /* Debug */,
				10558A3123F3F8ED005402F5 /* Release */,
			);
			defaultConfigurationIsVisible = 0;
			defaultConfigurationName = Release;
		};
		10558A3223F3F8ED005402F5 /* Build configuration list for PBXNativeTarget "Taxiz" */ = {
			isa = XCConfigurationList;
			buildConfigurations = (
				10558A3323F3F8ED005402F5 /* Debug */,
				10558A3423F3F8ED005402F5 /* Release */,
			);
			defaultConfigurationIsVisible = 0;
			defaultConfigurationName = Release;
		};
/* End XCConfigurationList section */
	};
	rootObject = 10558A1423F3F8EB005402F5 /* Project object */;
}
